# This file is generated by running "yarn install" inside your project.
# Manual changes might be lost - proceed with caution!

__metadata:
  version: 6
  cacheKey: 8

"@hmcts/media-viewer@workspace:.":
  version: 0.0.0-use.local
  resolution: "@hmcts/media-viewer@workspace:."
  dependencies:
    "@swimlane/ngx-datatable": ^20.0.0
    "@types/uuid": ^3.4.4
    hammerjs: ^2.0.8
    mutable-div: ^2.0.0
    pdfjs-dist: 2.5.207
    socket.io-client: ^3.1.1
    uuid: ^3.4.0
  peerDependencies:
    "@ali-hm/angular-tree-component": 12.0.5
    "@angular/animations": ^16.2.14
    "@angular/common": ^16.2.14
    "@angular/core": ^16.2.9
    "@angular/forms": ^16.2.14
    "@angular/material": ^16.2.14
    "@angular/platform-browser": ^16.2.14
    "@ngrx/effects": ^16.0.0
    "@ngrx/router-store": ^16.0.0
    "@ngrx/store": ^16.0.0
    "@ngrx/store-devtools": ^16.0.0
  languageName: unknown
  linkType: soft

"@swimlane/ngx-datatable@npm:^20.0.0":
  version: 20.1.0
  resolution: "@swimlane/ngx-datatable@npm:20.1.0"
  dependencies:
    tslib: ^2.0.0
  peerDependencies:
    "@angular/common": ">=11.0.2"
    "@angular/core": ">=11.0.2"
    "@angular/platform-browser": ">=11.0.2"
    rxjs: ^6.6.3 || ^7.4.0
  checksum: ecc6ddab9e68ca07a100183357a6c8d1335d066d1676e0156202ca33f7008b6c7debe1b31bc4404cf3f25fe874a04a7ae39c6430c2340c6831dfafc282a38e66
  languageName: node
  linkType: hard

"@types/component-emitter@npm:^1.2.10":
  version: 1.2.14
  resolution: "@types/component-emitter@npm:1.2.14"
  checksum: 4cf41df13b25c6486f3936a74a0be33c83e6ff32ba07b9312b1eda4e7082018808ee6364d38243dbc74d0704e16cb20e018e5b59d726bab0607dc0199ee9299a
  languageName: node
  linkType: hard

"@types/uuid@npm:^3.4.4":
  version: 3.4.13
  resolution: "@types/uuid@npm:3.4.13"
  checksum: 906c4bc29711b0fcdca4303a66a58c611a195b782b33e194ab80b4453a0aee26416bb04596a6e34a97dafa28e25fac9d5be5fcc0b5eae422e850200981d78f18
  languageName: node
  linkType: hard

"backo2@npm:~1.0.2":
  version: 1.0.2
  resolution: "backo2@npm:1.0.2"
  checksum: fda8d0a0f4810068d23715f2f45153146d6ee8f62dd827ce1e0b6cc3c8328e84ad61e11399a83931705cef702fe7cbb457856bf99b9bd10c4ed57b0786252385
  languageName: node
  linkType: hard

"base64-arraybuffer@npm:0.1.4":
  version: 0.1.4
  resolution: "base64-arraybuffer@npm:0.1.4"
  checksum: d249a929e27b2430d7ba1527e91a36e14da37ae2f80e350c4d696a038257718f8da07577e820e7262f86a0ecd573c283db10c46502080f53ae11bfdd99b6a029
  languageName: node
  linkType: hard

"component-emitter@npm:~1.3.0":
  version: 1.3.1
  resolution: "component-emitter@npm:1.3.1"
  checksum: 94550aa462c7bd5a61c1bc480e28554aa306066930152d1b1844a0dd3845d4e5db7e261ddec62ae184913b3e59b55a2ad84093b9d3596a8f17c341514d6c483d
  languageName: node
  linkType: hard

"debug@npm:~4.3.1":
  version: 4.3.4
  resolution: "debug@npm:4.3.4"
  dependencies:
    ms: 2.1.2
  peerDependenciesMeta:
    supports-color:
      optional: true
  checksum: 3dbad3f94ea64f34431a9cbf0bafb61853eda57bff2880036153438f50fb5a84f27683ba0d8e5426bf41a8c6ff03879488120cf5b3a761e77953169c0600a708
  languageName: node
  linkType: hard

"engine.io-client@npm:~4.1.0":
  version: 4.1.4
  resolution: "engine.io-client@npm:4.1.4"
  dependencies:
    base64-arraybuffer: 0.1.4
    component-emitter: ~1.3.0
    debug: ~4.3.1
    engine.io-parser: ~4.0.1
    has-cors: 1.1.0
    parseqs: 0.0.6
    parseuri: 0.0.6
    ws: ~7.4.2
    xmlhttprequest-ssl: ~1.6.2
    yeast: 0.1.2
  checksum: 57db8792ec447e13146e13f2705cd5f2aac6ae61f71bf171d8d228cd98a3868f684499f6ae1b4abbcb1bbcf59ea9d1d1fa15f37d6b6cb861148bc6ee3e2d4fba
  languageName: node
  linkType: hard

"engine.io-parser@npm:~4.0.1":
  version: 4.0.3
  resolution: "engine.io-parser@npm:4.0.3"
  dependencies:
    base64-arraybuffer: 0.1.4
  checksum: 9e2db35acb6f2e8269a7c5cd8ca40d1cd7277e5c6472e7341d0f85a8d09a6788427c1f55cc5a8fa4a44213d89d2bd2494f230d0624605d88f7aae32651a3c44b
  languageName: node
  linkType: hard

"hammerjs@npm:^2.0.8":
  version: 2.0.8
  resolution: "hammerjs@npm:2.0.8"
  checksum: b092da7d1565a165d7edb53ef0ce212837a8b11f897aa3cf81a7818b66686b0ab3f4747fbce8fc8a41d1376594639ce3a054b0fd4889ca8b5b136a29ca500e27
  languageName: node
  linkType: hard

"has-cors@npm:1.1.0":
  version: 1.1.0
  resolution: "has-cors@npm:1.1.0"
  checksum: 549ce94113fd23895b22d71ade9809918577b8558cd4d701fe79045d8b1d58d87eba870260b28f6a3229be933a691c55653afd496d0fc52e98fd2ff577f01197
  languageName: node
  linkType: hard

"ms@npm:2.1.2":
  version: 2.1.2
  resolution: "ms@npm:2.1.2"
  checksum: 673cdb2c3133eb050c745908d8ce632ed2c02d85640e2edb3ace856a2266a813b30c613569bf3354fdf4ea7d1a1494add3bfa95e2713baa27d0c2c71fc44f58f
  languageName: node
  linkType: hard

"mutable-div@npm:^2.0.0":
  version: 2.0.0
  resolution: "mutable-div@npm:2.0.0"
  dependencies:
    tslib: ^2.0.0
  peerDependencies:
    "@angular/common": ^16.2.12
    "@angular/core": ^16.2.12
    hammerjs: ^2.0.8
  checksum: a7b447f27eaf895bbb5b1eeaecdebe2acc2ee13c0ce2af3948cbd80e608f095f1f753716fac92b602133546f5ff4dc46889079c814bcabf9a0625fa44766cd0b
  languageName: node
  linkType: hard

"parseqs@npm:0.0.6":
  version: 0.0.6
  resolution: "parseqs@npm:0.0.6"
  checksum: 7fc4ff4ba59764060bb8529875f6d4313056ea6939ff579b22dd7bd6f6033035e1fd2d6a559ab48ef0a7fa29a9d7731c982bfd1594e9115141fe1c328485ce9e
  languageName: node
  linkType: hard

"parseuri@npm:0.0.6":
  version: 0.0.6
  resolution: "parseuri@npm:0.0.6"
  checksum: fa430e40f0c75293a28e5f1023da5f51a5038d5e34c48c517b0d5187143f6bcc67d3091a062b68765db4a22757e488c7d15854f9d1921f2c2b9afa5ca0629a84
  languageName: node
  linkType: hard

"pdfjs-dist@npm:2.5.207":
  version: 2.5.207
  resolution: "pdfjs-dist@npm:2.5.207"
  checksum: 253c7f44e7412d96b373162928b4ab820a4c1589e684c8cb8beb6306ffd62416402006edbe4a817789cb3f2f25ac21f217478aa335bb18bf66ca94d8fe65186e
  languageName: node
  linkType: hard

"socket.io-client@npm:^3.1.1":
  version: 3.1.3
  resolution: "socket.io-client@npm:3.1.3"
  dependencies:
    "@types/component-emitter": ^1.2.10
    backo2: ~1.0.2
    component-emitter: ~1.3.0
    debug: ~4.3.1
    engine.io-client: ~4.1.0
    parseuri: 0.0.6
    socket.io-parser: ~4.0.4
  checksum: 07d4ca0ee969f39453d0b6abc83470cbf67bc1329e7a90a5eca60f171840c2655da33acf56dee86b23f20abd7d5f96c9655e9b05fb11079ff12c0931376000c9
  languageName: node
  linkType: hard

"socket.io-parser@npm:~4.0.4":
  version: 4.0.5
  resolution: "socket.io-parser@npm:4.0.5"
  dependencies:
    "@types/component-emitter": ^1.2.10
    component-emitter: ~1.3.0
    debug: ~4.3.1
  checksum: 8b60cf3abb9c3571f90cf894d40f41459ab007e6cee7ca8ee28ab107d76ded4a72ca5c4e5dcb82d996d4f78b3689dd3eb36ba0b39a66e25e2e9a9afa276c81c5
  languageName: node
  linkType: hard

"tslib@npm:^2.0.0":
  version: 2.6.2
  resolution: "tslib@npm:2.6.2"
  checksum: 329ea56123005922f39642318e3d1f0f8265d1e7fcb92c633e0809521da75eeaca28d2cf96d7248229deb40e5c19adf408259f4b9640afd20d13aecc1430f3ad
  languageName: node
  linkType: hard

"uuid@npm:^3.4.0":
  version: 3.4.0
  resolution: "uuid@npm:3.4.0"
  bin:
    uuid: ./bin/uuid
  checksum: 58de2feed61c59060b40f8203c0e4ed7fd6f99d42534a499f1741218a1dd0c129f4aa1de797bcf822c8ea5da7e4137aa3673431a96dae729047f7aca7b27866f
  languageName: node
  linkType: hard

"ws@npm:~7.4.2":
  version: 7.4.6
  resolution: "ws@npm:7.4.6"
  peerDependencies:
    bufferutil: ^4.0.1
    utf-8-validate: ^5.0.2
  peerDependenciesMeta:
    bufferutil:
      optional: true
    utf-8-validate:
      optional: true
  checksum: 3a990b32ed08c72070d5e8913e14dfcd831919205be52a3ff0b4cdd998c8d554f167c9df3841605cde8b11d607768cacab3e823c58c96a5c08c987e093eb767a
  languageName: node
  linkType: hard

"xmlhttprequest-ssl@npm:~1.6.2":
  version: 1.6.3
  resolution: "xmlhttprequest-ssl@npm:1.6.3"
  checksum: ac8e5de1cdd170bddb928de75393e8977e7eb80c0d8c24fe4be07f6aa1d5c8e2e42296d29abca6591ec2046cc708c220791ecfa56db43c958b8e4de8e7d39984
  languageName: node
  linkType: hard

"yeast@npm:0.1.2":
  version: 0.1.2
  resolution: "yeast@npm:0.1.2"
  checksum: 81a250b69f601fed541e9518eb2972e75631dd81231689503d7f288612d4eec793b29c208d6807fd6bfc4c2a43614d0c6db233739a4ae6223e244aaed6a885c0
  languageName: node
  linkType: hard
