# THIS IS AN AUTOGENERATED FILE. DO NOT EDIT THIS FILE DIRECTLY.
# yarn lockfile v1


"@swimlane/ngx-datatable@^16.0.2":
  version "16.1.1"
  resolved "https://registry.yarnpkg.com/@swimlane/ngx-datatable/-/ngx-datatable-16.1.1.tgz#1215e81f51400314ba6899f66acdbd4e3bde2915"
  integrity sha512-h2A9xC/jo314eC/CzA19aoY/YadhdTupolCwpgB9Cbw3sDRi3x/LeGsdLSV0bj3XBKQUB3DA/gPuASKYuhm8iA==
  dependencies:
    tslib "^1.9.0"

"@types/component-emitter@^1.2.10":
  version "1.2.10"
  resolved "https://registry.yarnpkg.com/@types/component-emitter/-/component-emitter-1.2.10.tgz#ef5b1589b9f16544642e473db5ea5639107ef3ea"
  integrity sha512-bsjleuRKWmGqajMerkzox19aGbscQX5rmmvvXl3wlIp5gMG1HgkiwPxsN5p070fBDKTNSPgojVbuY1+HWMbFhg==

"@types/uuid@^3.4.4":
  version "3.4.9"
  resolved "https://registry.yarnpkg.com/@types/uuid/-/uuid-3.4.9.tgz#fcf01997bbc9f7c09ae5f91383af076d466594e1"
  integrity sha512-XDwyIlt/47l2kWLTzw/mtrpLdB+GPSskR2n/PIcPn+VYhVO77rGhRncIR5GPU0KRzXuqkDO+J5qqrG0Y8P6jzQ==

angular-tree-component@^8.5.6:
  version "8.5.6"
  resolved "https://registry.yarnpkg.com/angular-tree-component/-/angular-tree-component-8.5.6.tgz#b32ea769e17b8e4462b31b5b67c17269a7295fa5"
  integrity sha512-cxNem6872diZz9kIGqrjSJbKt0P3WSq9wTqZIeVJ8zsddI4Y6ShAVZlZNXUMRyJq246c9pJ6JJEAOzKVLk9xgA==
  dependencies:
    lodash "^4.17.11"
    mobx "^4.15.1"

backo2@~1.0.2:
  version "1.0.2"
  resolved "https://registry.yarnpkg.com/backo2/-/backo2-1.0.2.tgz#31ab1ac8b129363463e35b3ebb69f4dfcfba7947"
  integrity sha1-MasayLEpNjRj41s+u2n038+6eUc=

base64-arraybuffer@0.1.4:
  version "0.1.4"
  resolved "https://registry.yarnpkg.com/base64-arraybuffer/-/base64-arraybuffer-0.1.4.tgz#9818c79e059b1355f97e0428a017c838e90ba812"
  integrity sha1-mBjHngWbE1X5fgQooBfIOOkLqBI=

component-emitter@~1.3.0:
  version "1.3.0"
  resolved "https://registry.yarnpkg.com/component-emitter/-/component-emitter-1.3.0.tgz#16e4070fba8ae29b679f2215853ee181ab2eabc0"
  integrity sha512-Rd3se6QB+sO1TwqZjscQrurpEPIfO0/yYnSin6Q/rD3mOutHvUrCAhJub3r90uNb+SESBuE0QYoB90YdfatsRg==

debug@~4.3.1:
  version "4.3.1"
  resolved "https://registry.yarnpkg.com/debug/-/debug-4.3.1.tgz#f0d229c505e0c6d8c49ac553d1b13dc183f6b2ee"
  integrity sha512-doEwdvm4PCeK4K3RQN2ZC2BYUBaxwLARCqZmMjtF8a51J2Rb0xpVloFRnCODwqjpwnAoao4pelN8l3RJdv3gRQ==
  dependencies:
    ms "2.1.2"

engine.io-client@~4.1.0:
  version "4.1.1"
  resolved "https://registry.yarnpkg.com/engine.io-client/-/engine.io-client-4.1.1.tgz#109942705079f15a4fcf1090bc86d3a1341c0a61"
  integrity sha512-iYasV/EttP/2pLrdowe9G3zwlNIFhwny8VSIh+vPlMnYZqSzLsTzSLa9hFy015OrH1s4fzoYxeHjVkO8hSFKwg==
  dependencies:
    base64-arraybuffer "0.1.4"
    component-emitter "~1.3.0"
    debug "~4.3.1"
    engine.io-parser "~4.0.1"
    has-cors "1.1.0"
    parseqs "0.0.6"
    parseuri "0.0.6"
    ws "~7.4.2"
    xmlhttprequest-ssl "~1.5.4"
    yeast "0.1.2"

engine.io-parser@~4.0.1:
  version "4.0.2"
  resolved "https://registry.yarnpkg.com/engine.io-parser/-/engine.io-parser-4.0.2.tgz#e41d0b3fb66f7bf4a3671d2038a154024edb501e"
  integrity sha512-sHfEQv6nmtJrq6TKuIz5kyEKH/qSdK56H/A+7DnAuUPWosnIZAS2NHNcPLmyjtY3cGS/MqJdZbUjW97JU72iYg==
  dependencies:
    base64-arraybuffer "0.1.4"

hammerjs@^2.0.8:
  version "2.0.8"
  resolved "https://registry.yarnpkg.com/hammerjs/-/hammerjs-2.0.8.tgz#04ef77862cff2bb79d30f7692095930222bf60f1"
  integrity sha1-BO93hiz/K7edMPdpIJWTAiK/YPE=

has-cors@1.1.0:
  version "1.1.0"
  resolved "https://registry.yarnpkg.com/has-cors/-/has-cors-1.1.0.tgz#5e474793f7ea9843d1bb99c23eef49ff126fff39"
  integrity sha1-XkdHk/fqmEPRu5nCPu9J/xJv/zk=

lodash@^4.17.11:
  version "4.17.21"
  resolved "https://registry.yarnpkg.com/lodash/-/lodash-4.17.21.tgz#679591c564c3bffaae8454cf0b3df370c3d6911c"
  integrity sha512-v2kDEe57lecTulaDIuNTPy3Ry4gLGJ6Z1O3vE1krgXZNrsQ+LFTGHVxVjcXPs17LhbZVGedAJv8XZ1tvj5FvSg==

mobx@^4.15.1:
  version "4.15.7"
  resolved "https://registry.yarnpkg.com/mobx/-/mobx-4.15.7.tgz#933281268c3b4658b6cf2526e872cf78ea48ab95"
  integrity sha512-X4uQvuf2zYKHVO5kRT5Utmr+J9fDnRgxWWnSqJ4oiccPTQU38YG+/O3nPmOhUy4jeHexl7XJJpWDBgEnEfp+8w==

ms@2.1.2:
  version "2.1.2"
  resolved "https://registry.yarnpkg.com/ms/-/ms-2.1.2.tgz#d09d1f357b443f493382a8eb3ccd183872ae6009"
  integrity sha512-sGkPx+VjMtmA6MX27oA4FBFELFCZZ4S4XqeGOXCv68tT+jb3vk/RyaKWP0PTKyWtmLSM0b+adUTEvbs1PEaH2w==

mutable-div@0.0.11:
  version "0.0.11"
  resolved "https://registry.yarnpkg.com/mutable-div/-/mutable-div-0.0.11.tgz#b807c826ed16ca96fcb51e34dc0303ab901464b0"
  integrity sha512-R6r3UAdPX2oHeWKLPX4BpnHa9Un/NdjovHyOk/TbDX0gCx5yxVftGewX6oP8yYxYbo0VsV9jU9PZtOzrJ9EKvQ==
  dependencies:
    tslib "^1.9.0"

parseqs@0.0.6:
  version "0.0.6"
  resolved "https://registry.yarnpkg.com/parseqs/-/parseqs-0.0.6.tgz#8e4bb5a19d1cdc844a08ac974d34e273afa670d5"
  integrity sha512-jeAGzMDbfSHHA091hr0r31eYfTig+29g3GKKE/PPbEQ65X0lmMwlEoqmhzu0iztID5uJpZsFlUPDP8ThPL7M8w==

parseuri@0.0.6:
  version "0.0.6"
  resolved "https://registry.yarnpkg.com/parseuri/-/parseuri-0.0.6.tgz#e1496e829e3ac2ff47f39a4dd044b32823c4a25a"
  integrity sha512-AUjen8sAkGgao7UyCX6Ahv0gIK2fABKmYjvP4xmy5JaKvcbTRueIqIPHLAfq30xJddqSE033IOMUSOMCcK3Sow==

pdfjs-dist@2.5.207:
  version "2.5.207"
  resolved "https://registry.yarnpkg.com/pdfjs-dist/-/pdfjs-dist-2.5.207.tgz#b5e8c19627be64269cd3fb6df3eaaf45ddffe7b6"
  integrity sha512-xGDUhnCYPfHy+unMXCLCJtlpZaaZ17Ew3WIL0tnSgKFUZXHAPD49GO9xScyszSsQMoutNDgRb+rfBXIaX/lJbw==

socket.io-client@^3.1.1:
  version "3.1.1"
  resolved "https://registry.yarnpkg.com/socket.io-client/-/socket.io-client-3.1.1.tgz#43dfc3feddbb675b274a724f685d6b6af319b3e3"
  integrity sha512-BLgIuCjI7Sf3mDHunKddX9zKR/pbkP7IACM3sJS3jha+zJ6/pGKRV6Fz5XSBHCfUs9YzT8kYIqNwOOuFNLtnYA==
  dependencies:
    "@types/component-emitter" "^1.2.10"
    backo2 "~1.0.2"
    component-emitter "~1.3.0"
    debug "~4.3.1"
    engine.io-client "~4.1.0"
    parseuri "0.0.6"
    socket.io-parser "~4.0.4"

socket.io-parser@~4.0.4:
  version "4.0.4"
  resolved "https://registry.yarnpkg.com/socket.io-parser/-/socket.io-parser-4.0.4.tgz#9ea21b0d61508d18196ef04a2c6b9ab630f4c2b0"
  integrity sha512-t+b0SS+IxG7Rxzda2EVvyBZbvFPBCjJoyHuE0P//7OAsN23GItzDRdWa6ALxZI/8R5ygK7jAR6t028/z+7295g==
  dependencies:
    "@types/component-emitter" "^1.2.10"
    component-emitter "~1.3.0"
    debug "~4.3.1"

tslib@^1.9.0:
  version "1.14.1"
  resolved "https://registry.yarnpkg.com/tslib/-/tslib-1.14.1.tgz#cf2d38bdc34a134bcaf1091c41f6619e2f672d00"
  integrity sha512-Xni35NKzjgMrwevysHTCArtLDpPvye8zV/0E4EyYn43P7/7qvQwPh9BGkHewbMulVntbigmcT7rdX3BNo9wRJg==

uuid@^3.4.0:
  version "3.4.0"
  resolved "https://registry.yarnpkg.com/uuid/-/uuid-3.4.0.tgz#b23e4358afa8a202fe7a100af1f5f883f02007ee"
  integrity sha512-HjSDRw6gZE5JMggctHBcjVak08+KEVhSIiDzFnT9S9aegmp85S/bReBVTb4QTFaRNptJ9kuYaNhnbNEOkbKb/A==

ws@~7.4.2:
  version "7.4.3"
  resolved "https://registry.yarnpkg.com/ws/-/ws-7.4.3.tgz#1f9643de34a543b8edb124bdcbc457ae55a6e5cd"
  integrity sha512-hr6vCR76GsossIRsr8OLR9acVVm1jyfEWvhbNjtgPOrfvAlKzvyeg/P6r8RuDjRyrcQoPQT7K0DGEPc7Ae6jzA==

xmlhttprequest-ssl@~1.5.4:
  version "1.5.5"
  resolved "https://registry.yarnpkg.com/xmlhttprequest-ssl/-/xmlhttprequest-ssl-1.5.5.tgz#c2876b06168aadc40e57d97e81191ac8f4398b3e"
  integrity sha1-wodrBhaKrcQOV9l+gRkayPQ5iz4=

yeast@0.1.2:
  version "0.1.2"
  resolved "https://registry.yarnpkg.com/yeast/-/yeast-0.1.2.tgz#008e06d8094320c372dbc2f8ed76a0ca6c8ac419"
  integrity sha1-AI4G2AlDIMNy28L47XagymyKxBk=
